
Microsoft Visual Studio Solution File, Format Version 12.00
# Visual Studio Version 17
VisualStudioVersion = 17.3.32901.215
MinimumVisualStudioVersion = 10.0.40219.1
Project("{FAE04EC0-301F-11D3-BF4B-00C04F79EFBC}") = "CM.Infrastructure", "CM.Infrastructure\CM.Infrastructure.csproj", "{725620E5-0018-4055-835E-94149D5C58CF}"
EndProject
Global
	GlobalSection(SolutionConfigurationPlatforms) = preSolution
		Debug|Any CPU = Debug|Any CPU
		Release|Any CPU = Release|Any CPU
	EndGlobalSection
	GlobalSection(ProjectConfigurationPlatforms) = postSolution
		{725620E5-0018-4055-835E-94149D5C58CF}.Debug|Any CPU.ActiveCfg = Debug|Any CPU
		{725620E5-0018-4055-835E-94149D5C58CF}.Debug|Any CPU.Build.0 = Debug|Any CPU
		{725620E5-0018-4055-835E-94149D5C58CF}.Release|Any CPU.ActiveCfg = Release|Any CPU
		{725620E5-0018-4055-835E-94149D5C58CF}.Release|Any CPU.Build.0 = Release|Any CPU
	EndGlobalSection
	GlobalSection(SolutionProperties) = preSolution
		HideSolutionNode = FALSE
	EndGlobalSection
	GlobalSection(ExtensibilityGlobals) = postSolution
		SolutionGuid = {0E637972-6795-4F8B-9044-1FB229E81BE5}
	EndGlobalSection
EndGlobal
